
Microsoft Visual Studio Solution File, Format Version 12.00
# Visual Studio Version 17
VisualStudioVersion = 17.0.31903.59
MinimumVisualStudioVersion = 10.0.40219.1
Project("{FAE04EC0-301F-11D3-BF4B-00C04F79EFBC}") = "IntCollections", "IntCollections\IntCollections.csproj", "{287BA757-B641-4C83-B194-1FC53A4734AB}"
EndProject
Project("{FAE04EC0-301F-11D3-BF4B-00C04F79EFBC}") = "EqualPlayer", "EqualPlayer\EqualPlayer.csproj", "{1A52A71D-6A2F-4908-967A-F950E4A2E9F6}"
EndProject
Project("{FAE04EC0-301F-11D3-BF4B-00C04F79EFBC}") = "FilePower1", "FilePower1\FilePower1.csproj", "{7D94276A-A8BC-4B72-8B9F-9B2B302CDFA2}"
EndProject
Project("{FAE04EC0-301F-11D3-BF4B-00C04F79EFBC}") = "FilePower2", "FilePower2\FilePower2.csproj", "{5B017E45-1040-4DB8-9C06-40D170C2BB74}"
EndProject
Global
	GlobalSection(SolutionConfigurationPlatforms) = preSolution
		Debug|Any CPU = Debug|Any CPU
		Release|Any CPU = Release|Any CPU
	EndGlobalSection
	GlobalSection(SolutionProperties) = preSolution
		HideSolutionNode = FALSE
	EndGlobalSection
	GlobalSection(ProjectConfigurationPlatforms) = postSolution
		{287BA757-B641-4C83-B194-1FC53A4734AB}.Debug|Any CPU.ActiveCfg = Debug|Any CPU
		{287BA757-B641-4C83-B194-1FC53A4734AB}.Debug|Any CPU.Build.0 = Debug|Any CPU
		{287BA757-B641-4C83-B194-1FC53A4734AB}.Release|Any CPU.ActiveCfg = Release|Any CPU
		{287BA757-B641-4C83-B194-1FC53A4734AB}.Release|Any CPU.Build.0 = Release|Any CPU
		{1A52A71D-6A2F-4908-967A-F950E4A2E9F6}.Debug|Any CPU.ActiveCfg = Debug|Any CPU
		{1A52A71D-6A2F-4908-967A-F950E4A2E9F6}.Debug|Any CPU.Build.0 = Debug|Any CPU
		{1A52A71D-6A2F-4908-967A-F950E4A2E9F6}.Release|Any CPU.ActiveCfg = Release|Any CPU
		{1A52A71D-6A2F-4908-967A-F950E4A2E9F6}.Release|Any CPU.Build.0 = Release|Any CPU
		{7D94276A-A8BC-4B72-8B9F-9B2B302CDFA2}.Debug|Any CPU.ActiveCfg = Debug|Any CPU
		{7D94276A-A8BC-4B72-8B9F-9B2B302CDFA2}.Debug|Any CPU.Build.0 = Debug|Any CPU
		{7D94276A-A8BC-4B72-8B9F-9B2B302CDFA2}.Release|Any CPU.ActiveCfg = Release|Any CPU
		{7D94276A-A8BC-4B72-8B9F-9B2B302CDFA2}.Release|Any CPU.Build.0 = Release|Any CPU
		{5B017E45-1040-4DB8-9C06-40D170C2BB74}.Debug|Any CPU.ActiveCfg = Debug|Any CPU
		{5B017E45-1040-4DB8-9C06-40D170C2BB74}.Debug|Any CPU.Build.0 = Debug|Any CPU
		{5B017E45-1040-4DB8-9C06-40D170C2BB74}.Release|Any CPU.ActiveCfg = Release|Any CPU
		{5B017E45-1040-4DB8-9C06-40D170C2BB74}.Release|Any CPU.Build.0 = Release|Any CPU
	EndGlobalSection
EndGlobal
